
Microsoft Visual Studio Solution File, Format Version 12.00
# Visual Studio Version 17
VisualStudioVersion = 17.5.002.0
MinimumVisualStudioVersion = 10.0.40219.1
Project("{9A19103F-16F7-4668-BE54-9A1E7A4F7556}") = "ArgsExercise", "ArgsExercise.csproj", "{AAC41D8D-77C6-4F29-AAC7-C14F71550DDA}"
EndProject
Global
	GlobalSection(SolutionConfigurationPlatforms) = preSolution
		Debug|Any CPU = Debug|Any CPU
		Release|Any CPU = Release|Any CPU
	EndGlobalSection
	GlobalSection(ProjectConfigurationPlatforms) = postSolution
		{AAC41D8D-77C6-4F29-AAC7-C14F71550DDA}.Debug|Any CPU.ActiveCfg = Debug|Any CPU
		{AAC41D8D-77C6-4F29-AAC7-C14F71550DDA}.Debug|Any CPU.Build.0 = Debug|Any CPU
		{AAC41D8D-77C6-4F29-AAC7-C14F71550DDA}.Release|Any CPU.ActiveCfg = Release|Any CPU
		{AAC41D8D-77C6-4F29-AAC7-C14F71550DDA}.Release|Any CPU.Build.0 = Release|Any CPU
	EndGlobalSection
	GlobalSection(SolutionProperties) = preSolution
		HideSolutionNode = FALSE
	EndGlobalSection
	GlobalSection(ExtensibilityGlobals) = postSolution
		SolutionGuid = {734DB4C3-9659-444F-BC52-2DC0AC2A63BE}
	EndGlobalSection
EndGlobal
